
Microsoft Visual Studio Solution File, Format Version 12.00
# Visual Studio Version 16
VisualStudioVersion = 16.0.32413.511
MinimumVisualStudioVersion = 10.0.40219.1
Project("{2150E333-8FDC-42A3-9474-1A3956D46DE8}") = "src", "src", "{3D33A6A5-8E36-4D0F-B336-88745C8D415E}"
EndProject
Project("{2150E333-8FDC-42A3-9474-1A3956D46DE8}") = "Building Blocks", "Building Blocks", "{CB314CF6-00CE-47C9-836B-A59E1F34DE3A}"
EndProject
Project("{2150E333-8FDC-42A3-9474-1A3956D46DE8}") = "Services", "Services", "{33AAE318-F231-4E79-B7AB-2E64E57A9835}"
EndProject
Project("{2150E333-8FDC-42A3-9474-1A3956D46DE8}") = "web", "web", "{02FA23EE-71F7-4B11-8C82-D0A3AFD8CE99}"
EndProject
Project("{2150E333-8FDC-42A3-9474-1A3956D46DE8}") = "Identidade", "Identidade", "{6BE40C0A-8E94-4172-A891-87FCA397BC6B}"
EndProject
Project("{FAE04EC0-301F-11D3-BF4B-00C04F79EFBC}") = "NSE.Identidade.API", "src\services\NSE.Identidade.API\NSE.Identidade.API.csproj", "{FCA88F76-2714-4A3B-BDB8-52933FE6C0FF}"
EndProject
Project("{2150E333-8FDC-42A3-9474-1A3956D46DE8}") = "MVC", "MVC", "{A098AFF6-AE67-4C73-833B-49F7005EAD56}"
EndProject
Project("{FAE04EC0-301F-11D3-BF4B-00C04F79EFBC}") = "NSE.WebApp.MVC", "src\web\NSE.WebApp.MVC\NSE.WebApp.MVC.csproj", "{59DC47F4-DF93-43AA-B96F-4EB71DF3AE45}"
EndProject
Project("{2150E333-8FDC-42A3-9474-1A3956D46DE8}") = "Core", "Core", "{9E90098E-F87A-4B47-9498-2521E54742E6}"
EndProject
Project("{FAE04EC0-301F-11D3-BF4B-00C04F79EFBC}") = "NSE.Core", "src\building blocks\NSE.Core\NSE.Core.csproj", "{045F6DD4-491F-43E2-8876-848AA483DCCA}"
EndProject
Project("{FAE04EC0-301F-11D3-BF4B-00C04F79EFBC}") = "NSE.Carrinho.API", "src\services\NSE.Carrinho.API\NSE.Carrinho.API.csproj", "{BF0E0FC7-5CB5-45E6-9709-62CDD7783826}"
EndProject
Project("{2150E333-8FDC-42A3-9474-1A3956D46DE8}") = "Carrinho", "Carrinho", "{DBE7782C-C62C-4DF8-9266-3B13657689F3}"
EndProject
Project("{2150E333-8FDC-42A3-9474-1A3956D46DE8}") = "Catalogo", "Catalogo", "{75FE731C-1402-4868-953D-A2FC28E239B5}"
EndProject
Project("{FAE04EC0-301F-11D3-BF4B-00C04F79EFBC}") = "NSE.Catalogo.API", "src\services\NSE.Catalogo.API\NSE.Catalogo.API.csproj", "{93A38C0E-913D-42D6-B3FF-793370FF93C5}"
EndProject
Project("{2150E333-8FDC-42A3-9474-1A3956D46DE8}") = "Cliente", "Cliente", "{A53A0136-C7BF-4202-AE8E-EED97E80E303}"
EndProject
Project("{FAE04EC0-301F-11D3-BF4B-00C04F79EFBC}") = "NSE.Cliente.Api", "src\services\NSE.Cliente.Api\NSE.Cliente.Api.csproj", "{53CDC530-7437-491F-9763-4F3ED9AEF553}"
EndProject
Project("{2150E333-8FDC-42A3-9474-1A3956D46DE8}") = "Pagamento", "Pagamento", "{8F6A5441-339D-4098-8CF4-B943A06DFCC0}"
EndProject
Project("{FAE04EC0-301F-11D3-BF4B-00C04F79EFBC}") = "NSE.Pagamento.API", "NSE.Pagamento.API\NSE.Pagamento.API.csproj", "{A1691C75-C2B6-4924-9C24-BA3B4662B077}"
EndProject
Project("{2150E333-8FDC-42A3-9474-1A3956D46DE8}") = "Pedido", "Pedido", "{47E0C95A-41F8-474E-B05F-C51131BE4A73}"
EndProject
Project("{FAE04EC0-301F-11D3-BF4B-00C04F79EFBC}") = "NSE.Pedido.API", "NSE.Pedido.API\NSE.Pedido.API.csproj", "{810E485F-EB6A-4B47-9724-3DE3F9449E5E}"
EndProject
Global
	GlobalSection(SolutionConfigurationPlatforms) = preSolution
		Debug|Any CPU = Debug|Any CPU
		Release|Any CPU = Release|Any CPU
	EndGlobalSection
	GlobalSection(ProjectConfigurationPlatforms) = postSolution
		{FCA88F76-2714-4A3B-BDB8-52933FE6C0FF}.Debug|Any CPU.ActiveCfg = Debug|Any CPU
		{FCA88F76-2714-4A3B-BDB8-52933FE6C0FF}.Debug|Any CPU.Build.0 = Debug|Any CPU
		{FCA88F76-2714-4A3B-BDB8-52933FE6C0FF}.Release|Any CPU.ActiveCfg = Release|Any CPU
		{FCA88F76-2714-4A3B-BDB8-52933FE6C0FF}.Release|Any CPU.Build.0 = Release|Any CPU
		{59DC47F4-DF93-43AA-B96F-4EB71DF3AE45}.Debug|Any CPU.ActiveCfg = Debug|Any CPU
		{59DC47F4-DF93-43AA-B96F-4EB71DF3AE45}.Debug|Any CPU.Build.0 = Debug|Any CPU
		{59DC47F4-DF93-43AA-B96F-4EB71DF3AE45}.Release|Any CPU.ActiveCfg = Release|Any CPU
		{59DC47F4-DF93-43AA-B96F-4EB71DF3AE45}.Release|Any CPU.Build.0 = Release|Any CPU
		{045F6DD4-491F-43E2-8876-848AA483DCCA}.Debug|Any CPU.ActiveCfg = Debug|Any CPU
		{045F6DD4-491F-43E2-8876-848AA483DCCA}.Debug|Any CPU.Build.0 = Debug|Any CPU
		{045F6DD4-491F-43E2-8876-848AA483DCCA}.Release|Any CPU.ActiveCfg = Release|Any CPU
		{045F6DD4-491F-43E2-8876-848AA483DCCA}.Release|Any CPU.Build.0 = Release|Any CPU
		{BF0E0FC7-5CB5-45E6-9709-62CDD7783826}.Debug|Any CPU.ActiveCfg = Debug|Any CPU
		{BF0E0FC7-5CB5-45E6-9709-62CDD7783826}.Debug|Any CPU.Build.0 = Debug|Any CPU
		{BF0E0FC7-5CB5-45E6-9709-62CDD7783826}.Release|Any CPU.ActiveCfg = Release|Any CPU
		{BF0E0FC7-5CB5-45E6-9709-62CDD7783826}.Release|Any CPU.Build.0 = Release|Any CPU
		{93A38C0E-913D-42D6-B3FF-793370FF93C5}.Debug|Any CPU.ActiveCfg = Debug|Any CPU
		{93A38C0E-913D-42D6-B3FF-793370FF93C5}.Debug|Any CPU.Build.0 = Debug|Any CPU
		{93A38C0E-913D-42D6-B3FF-793370FF93C5}.Release|Any CPU.ActiveCfg = Release|Any CPU
		{93A38C0E-913D-42D6-B3FF-793370FF93C5}.Release|Any CPU.Build.0 = Release|Any CPU
		{53CDC530-7437-491F-9763-4F3ED9AEF553}.Debug|Any CPU.ActiveCfg = Debug|Any CPU
		{53CDC530-7437-491F-9763-4F3ED9AEF553}.Debug|Any CPU.Build.0 = Debug|Any CPU
		{53CDC530-7437-491F-9763-4F3ED9AEF553}.Release|Any CPU.ActiveCfg = Release|Any CPU
		{53CDC530-7437-491F-9763-4F3ED9AEF553}.Release|Any CPU.Build.0 = Release|Any CPU
		{A1691C75-C2B6-4924-9C24-BA3B4662B077}.Debug|Any CPU.ActiveCfg = Debug|Any CPU
		{A1691C75-C2B6-4924-9C24-BA3B4662B077}.Debug|Any CPU.Build.0 = Debug|Any CPU
		{A1691C75-C2B6-4924-9C24-BA3B4662B077}.Release|Any CPU.ActiveCfg = Release|Any CPU
		{A1691C75-C2B6-4924-9C24-BA3B4662B077}.Release|Any CPU.Build.0 = Release|Any CPU
		{810E485F-EB6A-4B47-9724-3DE3F9449E5E}.Debug|Any CPU.ActiveCfg = Debug|Any CPU
		{810E485F-EB6A-4B47-9724-3DE3F9449E5E}.Debug|Any CPU.Build.0 = Debug|Any CPU
		{810E485F-EB6A-4B47-9724-3DE3F9449E5E}.Release|Any CPU.ActiveCfg = Release|Any CPU
		{810E485F-EB6A-4B47-9724-3DE3F9449E5E}.Release|Any CPU.Build.0 = Release|Any CPU
	EndGlobalSection
	GlobalSection(SolutionProperties) = preSolution
		HideSolutionNode = FALSE
	EndGlobalSection
	GlobalSection(NestedProjects) = preSolution
		{CB314CF6-00CE-47C9-836B-A59E1F34DE3A} = {3D33A6A5-8E36-4D0F-B336-88745C8D415E}
		{33AAE318-F231-4E79-B7AB-2E64E57A9835} = {3D33A6A5-8E36-4D0F-B336-88745C8D415E}
		{02FA23EE-71F7-4B11-8C82-D0A3AFD8CE99} = {3D33A6A5-8E36-4D0F-B336-88745C8D415E}
		{6BE40C0A-8E94-4172-A891-87FCA397BC6B} = {33AAE318-F231-4E79-B7AB-2E64E57A9835}
		{FCA88F76-2714-4A3B-BDB8-52933FE6C0FF} = {6BE40C0A-8E94-4172-A891-87FCA397BC6B}
		{A098AFF6-AE67-4C73-833B-49F7005EAD56} = {02FA23EE-71F7-4B11-8C82-D0A3AFD8CE99}
		{59DC47F4-DF93-43AA-B96F-4EB71DF3AE45} = {A098AFF6-AE67-4C73-833B-49F7005EAD56}
		{9E90098E-F87A-4B47-9498-2521E54742E6} = {CB314CF6-00CE-47C9-836B-A59E1F34DE3A}
		{045F6DD4-491F-43E2-8876-848AA483DCCA} = {9E90098E-F87A-4B47-9498-2521E54742E6}
		{BF0E0FC7-5CB5-45E6-9709-62CDD7783826} = {DBE7782C-C62C-4DF8-9266-3B13657689F3}
		{DBE7782C-C62C-4DF8-9266-3B13657689F3} = {33AAE318-F231-4E79-B7AB-2E64E57A9835}
		{75FE731C-1402-4868-953D-A2FC28E239B5} = {33AAE318-F231-4E79-B7AB-2E64E57A9835}
		{93A38C0E-913D-42D6-B3FF-793370FF93C5} = {75FE731C-1402-4868-953D-A2FC28E239B5}
		{A53A0136-C7BF-4202-AE8E-EED97E80E303} = {33AAE318-F231-4E79-B7AB-2E64E57A9835}
		{53CDC530-7437-491F-9763-4F3ED9AEF553} = {A53A0136-C7BF-4202-AE8E-EED97E80E303}
		{8F6A5441-339D-4098-8CF4-B943A06DFCC0} = {33AAE318-F231-4E79-B7AB-2E64E57A9835}
		{A1691C75-C2B6-4924-9C24-BA3B4662B077} = {8F6A5441-339D-4098-8CF4-B943A06DFCC0}
		{47E0C95A-41F8-474E-B05F-C51131BE4A73} = {33AAE318-F231-4E79-B7AB-2E64E57A9835}
		{810E485F-EB6A-4B47-9724-3DE3F9449E5E} = {47E0C95A-41F8-474E-B05F-C51131BE4A73}
	EndGlobalSection
	GlobalSection(ExtensibilityGlobals) = postSolution
		SolutionGuid = {356524AE-853D-4A05-93B6-2B81BC72F348}
	EndGlobalSection
EndGlobal
